
Microsoft Visual Studio Solution File, Format Version 12.00
# Visual Studio 15
VisualStudioVersion = 15.0.27428.2015
MinimumVisualStudioVersion = 10.0.40219.1
Project("{FAE04EC0-301F-11D3-BF4B-00C04F79EFBC}") = "StudentClassControl", "StudentClassControl\StudentClassControl.csproj", "{E8F166A7-1072-4060-9DC1-4104E198FF12}"
EndProject
Global
	GlobalSection(SolutionConfigurationPlatforms) = preSolution
		Debug|Any CPU = Debug|Any CPU
		Release|Any CPU = Release|Any CPU
	EndGlobalSection
	GlobalSection(ProjectConfigurationPlatforms) = postSolution
		{E8F166A7-1072-4060-9DC1-4104E198FF12}.Debug|Any CPU.ActiveCfg = Debug|Any CPU
		{E8F166A7-1072-4060-9DC1-4104E198FF12}.Debug|Any CPU.Build.0 = Debug|Any CPU
		{E8F166A7-1072-4060-9DC1-4104E198FF12}.Release|Any CPU.ActiveCfg = Release|Any CPU
		{E8F166A7-1072-4060-9DC1-4104E198FF12}.Release|Any CPU.Build.0 = Release|Any CPU
	EndGlobalSection
	GlobalSection(SolutionProperties) = preSolution
		HideSolutionNode = FALSE
	EndGlobalSection
	GlobalSection(ExtensibilityGlobals) = postSolution
		SolutionGuid = {AC8D9208-B2D4-473D-85F2-DC17C59F6DBA}
	EndGlobalSection
EndGlobal
